
Microsoft Visual Studio Solution File, Format Version 12.00
# Visual Studio Version 16
VisualStudioVersion = 16.0.30011.22
MinimumVisualStudioVersion = 10.0.40219.1
Project("{FAE04EC0-301F-11D3-BF4B-00C04F79EFBC}") = "QuanLySinhVien", "QuanLyNhanVien\QuanLySinhVien.csproj", "{08D56C6B-BB98-41F8-91A1-62712F9B4BAA}"
EndProject
Global
	GlobalSection(SolutionConfigurationPlatforms) = preSolution
		Debug|Any CPU = Debug|Any CPU
		Release|Any CPU = Release|Any CPU
	EndGlobalSection
	GlobalSection(ProjectConfigurationPlatforms) = postSolution
		{08D56C6B-BB98-41F8-91A1-62712F9B4BAA}.Debug|Any CPU.ActiveCfg = Debug|Any CPU
		{08D56C6B-BB98-41F8-91A1-62712F9B4BAA}.Debug|Any CPU.Build.0 = Debug|Any CPU
		{08D56C6B-BB98-41F8-91A1-62712F9B4BAA}.Release|Any CPU.ActiveCfg = Release|Any CPU
		{08D56C6B-BB98-41F8-91A1-62712F9B4BAA}.Release|Any CPU.Build.0 = Release|Any CPU
	EndGlobalSection
	GlobalSection(SolutionProperties) = preSolution
		HideSolutionNode = FALSE
	EndGlobalSection
	GlobalSection(ExtensibilityGlobals) = postSolution
		SolutionGuid = {52BC5F0B-A004-41AE-A4D1-0D12404A6B6C}
	EndGlobalSection
EndGlobal
